
Microsoft Visual Studio Solution File, Format Version 12.00
# Visual Studio Version 16
VisualStudioVersion = 16.0.30509.190
MinimumVisualStudioVersion = 10.0.40219.1
Project("{9A19103F-16F7-4668-BE54-9A1E7A4F7556}") = "Abstractions", "Services\Abstractions\Abstractions.csproj", "{C4486C73-1F1F-4191-B116-D07DD6073144}"
EndProject
Project("{9A19103F-16F7-4668-BE54-9A1E7A4F7556}") = "Core", "Services\Core\Core.csproj", "{4E292E02-C765-47F6-896E-B2209DC1907D}"
EndProject
Project("{2150E333-8FDC-42A3-9474-1A3956D46DE8}") = "tests", "tests", "{F6075731-6037-4B36-B720-4A4E2CF5D42F}"
EndProject
Project("{9A19103F-16F7-4668-BE54-9A1E7A4F7556}") = "Core.Tests", "..\test\Core.Tests\Core.Tests.csproj", "{C22419BD-CDA0-49F7-A1A9-19CC45DFAEB3}"
EndProject
Project("{9A19103F-16F7-4668-BE54-9A1E7A4F7556}") = "BingMaps", "Services\BingMaps\BingMaps.csproj", "{4D94A1AC-56B0-43EB-AC1D-5144BD9459AE}"
EndProject
Project("{9A19103F-16F7-4668-BE54-9A1E7A4F7556}") = "BingMaps.Tests", "..\test\BingMaps.Tests\BingMaps.Tests.csproj", "{3AD57308-CFCF-4FE5-8DC0-F58C0F5D81FF}"
EndProject
Project("{2150E333-8FDC-42A3-9474-1A3956D46DE8}") = "samples", "samples", "{B9946157-A449-4176-805B-F47D209D29AA}"
EndProject
Project("{9A19103F-16F7-4668-BE54-9A1E7A4F7556}") = "Sample.Web", "..\samples\Sample.Web\Sample.Web.csproj", "{12DB5097-C464-4757-8E96-7955F674DE58}"
EndProject
Project("{9A19103F-16F7-4668-BE54-9A1E7A4F7556}") = "AzureAI", "Services\AzureAI\AzureAI.csproj", "{BE771D20-B1F1-4E37-9C7C-6F375FEAC1C1}"
EndProject
Project("{9A19103F-16F7-4668-BE54-9A1E7A4F7556}") = "Playground", "..\samples\Playground\Playground.csproj", "{FBDD3AC8-33D4-4343-BCF5-A418FCCB38CA}"
EndProject
Project("{9A19103F-16F7-4668-BE54-9A1E7A4F7556}") = "TestMediaLibrary", "..\test_media\TestMediaLibrary\TestMediaLibrary.csproj", "{1A0A651C-CE15-40D1-97DC-8D425B5FAC8C}"
EndProject
Project("{9A19103F-16F7-4668-BE54-9A1E7A4F7556}") = "Api.Host", "Services\Api.Host\Api.Host.csproj", "{1569C456-67B0-4C64-83A8-5A946F70BF18}"
EndProject
Project("{9A19103F-16F7-4668-BE54-9A1E7A4F7556}") = "Store.MongoDb", "Services\Store.MongoDb\Store.MongoDb.csproj", "{36ACF258-C00B-4A12-9A05-A16F0C3CFF77}"
EndProject
Project("{9A19103F-16F7-4668-BE54-9A1E7A4F7556}") = "GraphQL", "Services\GraphQL\GraphQL.csproj", "{3FFF58D6-68B2-4790-9679-88DF5A0D890E}"
EndProject
Project("{2150E333-8FDC-42A3-9474-1A3956D46DE8}") = "Identity", "Identity", "{5D19ABB7-7DB6-4EB6-87B2-893A3571ED0E}"
EndProject
Project("{9A19103F-16F7-4668-BE54-9A1E7A4F7556}") = "Identity.Core", "Identity\Identity.Core\Identity.Core.csproj", "{0A699170-7A97-47B4-8E29-6D510A3DD879}"
EndProject
Project("{9A19103F-16F7-4668-BE54-9A1E7A4F7556}") = "Identity.Host", "Identity\Identity.Host\Identity.Host.csproj", "{24F1ED1F-3CFB-40CC-86E7-CCAC31BC8B50}"
EndProject
Project("{9A19103F-16F7-4668-BE54-9A1E7A4F7556}") = "Identity.Abstractions", "Identity\Identity.Abstractions\Identity.Abstractions.csproj", "{EC670115-8DCE-4949-BDC6-8F3C07D3B223}"
EndProject
Project("{9A19103F-16F7-4668-BE54-9A1E7A4F7556}") = "Identity.Data.Mongo", "Identity\Identity.Data.Mongo\Identity.Data.Mongo.csproj", "{C8F262AD-3E58-4E84-B5CF-2F102CFDAE13}"
EndProject
Project("{9A19103F-16F7-4668-BE54-9A1E7A4F7556}") = "Identity.Host.Tests", "..\test\Identity.Host.Tests\Identity.Host.Tests.csproj", "{C1E71555-2845-4EB5-9ADB-F181D20A18FC}"
EndProject
Project("{9A19103F-16F7-4668-BE54-9A1E7A4F7556}") = "Identity.UI.Tests", "..\test\Identity.UI.Tests\Identity.UI.Tests.csproj", "{99CD05D1-0A5B-423C-8ACE-DF4FBE961114}"
EndProject
Project("{9A19103F-16F7-4668-BE54-9A1E7A4F7556}") = "Store.MongoDb.Tests", "Store.MongoDb.Tests\Store.MongoDb.Tests.csproj", "{9E0FAD38-D0BD-427A-AF6F-46FEF69236F4}"
EndProject
Project("{9A19103F-16F7-4668-BE54-9A1E7A4F7556}") = "Api.Host.Tests", "..\test\Api.Host.Tests\Api.Host.Tests.csproj", "{7A3C2334-E7B7-44FC-9FE7-13BEEAAAF699}"
EndProject
Project("{FAE04EC0-301F-11D3-BF4B-00C04F79EFBC}") = "SampleDataSeeder", "..\samples\SampleDataSeeder\SampleDataSeeder.csproj", "{1544E576-BD97-4576-8239-857F290F3388}"
EndProject
Global
	GlobalSection(SolutionConfigurationPlatforms) = preSolution
		Debug|Any CPU = Debug|Any CPU
		Release|Any CPU = Release|Any CPU
	EndGlobalSection
	GlobalSection(ProjectConfigurationPlatforms) = postSolution
		{C4486C73-1F1F-4191-B116-D07DD6073144}.Debug|Any CPU.ActiveCfg = Debug|Any CPU
		{C4486C73-1F1F-4191-B116-D07DD6073144}.Debug|Any CPU.Build.0 = Debug|Any CPU
		{C4486C73-1F1F-4191-B116-D07DD6073144}.Release|Any CPU.ActiveCfg = Release|Any CPU
		{C4486C73-1F1F-4191-B116-D07DD6073144}.Release|Any CPU.Build.0 = Release|Any CPU
		{4E292E02-C765-47F6-896E-B2209DC1907D}.Debug|Any CPU.ActiveCfg = Debug|Any CPU
		{4E292E02-C765-47F6-896E-B2209DC1907D}.Debug|Any CPU.Build.0 = Debug|Any CPU
		{4E292E02-C765-47F6-896E-B2209DC1907D}.Release|Any CPU.ActiveCfg = Release|Any CPU
		{4E292E02-C765-47F6-896E-B2209DC1907D}.Release|Any CPU.Build.0 = Release|Any CPU
		{C22419BD-CDA0-49F7-A1A9-19CC45DFAEB3}.Debug|Any CPU.ActiveCfg = Debug|Any CPU
		{C22419BD-CDA0-49F7-A1A9-19CC45DFAEB3}.Debug|Any CPU.Build.0 = Debug|Any CPU
		{C22419BD-CDA0-49F7-A1A9-19CC45DFAEB3}.Release|Any CPU.ActiveCfg = Release|Any CPU
		{C22419BD-CDA0-49F7-A1A9-19CC45DFAEB3}.Release|Any CPU.Build.0 = Release|Any CPU
		{4D94A1AC-56B0-43EB-AC1D-5144BD9459AE}.Debug|Any CPU.ActiveCfg = Debug|Any CPU
		{4D94A1AC-56B0-43EB-AC1D-5144BD9459AE}.Debug|Any CPU.Build.0 = Debug|Any CPU
		{4D94A1AC-56B0-43EB-AC1D-5144BD9459AE}.Release|Any CPU.ActiveCfg = Release|Any CPU
		{4D94A1AC-56B0-43EB-AC1D-5144BD9459AE}.Release|Any CPU.Build.0 = Release|Any CPU
		{3AD57308-CFCF-4FE5-8DC0-F58C0F5D81FF}.Debug|Any CPU.ActiveCfg = Debug|Any CPU
		{3AD57308-CFCF-4FE5-8DC0-F58C0F5D81FF}.Debug|Any CPU.Build.0 = Debug|Any CPU
		{3AD57308-CFCF-4FE5-8DC0-F58C0F5D81FF}.Release|Any CPU.ActiveCfg = Release|Any CPU
		{3AD57308-CFCF-4FE5-8DC0-F58C0F5D81FF}.Release|Any CPU.Build.0 = Release|Any CPU
		{12DB5097-C464-4757-8E96-7955F674DE58}.Debug|Any CPU.ActiveCfg = Debug|Any CPU
		{12DB5097-C464-4757-8E96-7955F674DE58}.Debug|Any CPU.Build.0 = Debug|Any CPU
		{12DB5097-C464-4757-8E96-7955F674DE58}.Release|Any CPU.ActiveCfg = Release|Any CPU
		{12DB5097-C464-4757-8E96-7955F674DE58}.Release|Any CPU.Build.0 = Release|Any CPU
		{BE771D20-B1F1-4E37-9C7C-6F375FEAC1C1}.Debug|Any CPU.ActiveCfg = Debug|Any CPU
		{BE771D20-B1F1-4E37-9C7C-6F375FEAC1C1}.Debug|Any CPU.Build.0 = Debug|Any CPU
		{BE771D20-B1F1-4E37-9C7C-6F375FEAC1C1}.Release|Any CPU.ActiveCfg = Release|Any CPU
		{BE771D20-B1F1-4E37-9C7C-6F375FEAC1C1}.Release|Any CPU.Build.0 = Release|Any CPU
		{FBDD3AC8-33D4-4343-BCF5-A418FCCB38CA}.Debug|Any CPU.ActiveCfg = Debug|Any CPU
		{FBDD3AC8-33D4-4343-BCF5-A418FCCB38CA}.Debug|Any CPU.Build.0 = Debug|Any CPU
		{FBDD3AC8-33D4-4343-BCF5-A418FCCB38CA}.Release|Any CPU.ActiveCfg = Release|Any CPU
		{FBDD3AC8-33D4-4343-BCF5-A418FCCB38CA}.Release|Any CPU.Build.0 = Release|Any CPU
		{1A0A651C-CE15-40D1-97DC-8D425B5FAC8C}.Debug|Any CPU.ActiveCfg = Debug|Any CPU
		{1A0A651C-CE15-40D1-97DC-8D425B5FAC8C}.Debug|Any CPU.Build.0 = Debug|Any CPU
		{1A0A651C-CE15-40D1-97DC-8D425B5FAC8C}.Release|Any CPU.ActiveCfg = Release|Any CPU
		{1A0A651C-CE15-40D1-97DC-8D425B5FAC8C}.Release|Any CPU.Build.0 = Release|Any CPU
		{1569C456-67B0-4C64-83A8-5A946F70BF18}.Debug|Any CPU.ActiveCfg = Debug|Any CPU
		{1569C456-67B0-4C64-83A8-5A946F70BF18}.Debug|Any CPU.Build.0 = Debug|Any CPU
		{1569C456-67B0-4C64-83A8-5A946F70BF18}.Release|Any CPU.ActiveCfg = Release|Any CPU
		{1569C456-67B0-4C64-83A8-5A946F70BF18}.Release|Any CPU.Build.0 = Release|Any CPU
		{36ACF258-C00B-4A12-9A05-A16F0C3CFF77}.Debug|Any CPU.ActiveCfg = Debug|Any CPU
		{36ACF258-C00B-4A12-9A05-A16F0C3CFF77}.Debug|Any CPU.Build.0 = Debug|Any CPU
		{36ACF258-C00B-4A12-9A05-A16F0C3CFF77}.Release|Any CPU.ActiveCfg = Release|Any CPU
		{36ACF258-C00B-4A12-9A05-A16F0C3CFF77}.Release|Any CPU.Build.0 = Release|Any CPU
		{3FFF58D6-68B2-4790-9679-88DF5A0D890E}.Debug|Any CPU.ActiveCfg = Debug|Any CPU
		{3FFF58D6-68B2-4790-9679-88DF5A0D890E}.Debug|Any CPU.Build.0 = Debug|Any CPU
		{3FFF58D6-68B2-4790-9679-88DF5A0D890E}.Release|Any CPU.ActiveCfg = Release|Any CPU
		{3FFF58D6-68B2-4790-9679-88DF5A0D890E}.Release|Any CPU.Build.0 = Release|Any CPU
		{0A699170-7A97-47B4-8E29-6D510A3DD879}.Debug|Any CPU.ActiveCfg = Debug|Any CPU
		{0A699170-7A97-47B4-8E29-6D510A3DD879}.Debug|Any CPU.Build.0 = Debug|Any CPU
		{0A699170-7A97-47B4-8E29-6D510A3DD879}.Release|Any CPU.ActiveCfg = Release|Any CPU
		{0A699170-7A97-47B4-8E29-6D510A3DD879}.Release|Any CPU.Build.0 = Release|Any CPU
		{24F1ED1F-3CFB-40CC-86E7-CCAC31BC8B50}.Debug|Any CPU.ActiveCfg = Debug|Any CPU
		{24F1ED1F-3CFB-40CC-86E7-CCAC31BC8B50}.Debug|Any CPU.Build.0 = Debug|Any CPU
		{24F1ED1F-3CFB-40CC-86E7-CCAC31BC8B50}.Release|Any CPU.ActiveCfg = Release|Any CPU
		{24F1ED1F-3CFB-40CC-86E7-CCAC31BC8B50}.Release|Any CPU.Build.0 = Release|Any CPU
		{EC670115-8DCE-4949-BDC6-8F3C07D3B223}.Debug|Any CPU.ActiveCfg = Debug|Any CPU
		{EC670115-8DCE-4949-BDC6-8F3C07D3B223}.Debug|Any CPU.Build.0 = Debug|Any CPU
		{EC670115-8DCE-4949-BDC6-8F3C07D3B223}.Release|Any CPU.ActiveCfg = Release|Any CPU
		{EC670115-8DCE-4949-BDC6-8F3C07D3B223}.Release|Any CPU.Build.0 = Release|Any CPU
		{C8F262AD-3E58-4E84-B5CF-2F102CFDAE13}.Debug|Any CPU.ActiveCfg = Debug|Any CPU
		{C8F262AD-3E58-4E84-B5CF-2F102CFDAE13}.Debug|Any CPU.Build.0 = Debug|Any CPU
		{C8F262AD-3E58-4E84-B5CF-2F102CFDAE13}.Release|Any CPU.ActiveCfg = Release|Any CPU
		{C8F262AD-3E58-4E84-B5CF-2F102CFDAE13}.Release|Any CPU.Build.0 = Release|Any CPU
		{C1E71555-2845-4EB5-9ADB-F181D20A18FC}.Debug|Any CPU.ActiveCfg = Debug|Any CPU
		{C1E71555-2845-4EB5-9ADB-F181D20A18FC}.Debug|Any CPU.Build.0 = Debug|Any CPU
		{C1E71555-2845-4EB5-9ADB-F181D20A18FC}.Release|Any CPU.ActiveCfg = Release|Any CPU
		{C1E71555-2845-4EB5-9ADB-F181D20A18FC}.Release|Any CPU.Build.0 = Release|Any CPU
		{99CD05D1-0A5B-423C-8ACE-DF4FBE961114}.Debug|Any CPU.ActiveCfg = Debug|Any CPU
		{99CD05D1-0A5B-423C-8ACE-DF4FBE961114}.Debug|Any CPU.Build.0 = Debug|Any CPU
		{99CD05D1-0A5B-423C-8ACE-DF4FBE961114}.Release|Any CPU.ActiveCfg = Release|Any CPU
		{99CD05D1-0A5B-423C-8ACE-DF4FBE961114}.Release|Any CPU.Build.0 = Release|Any CPU
		{9E0FAD38-D0BD-427A-AF6F-46FEF69236F4}.Debug|Any CPU.ActiveCfg = Debug|Any CPU
		{9E0FAD38-D0BD-427A-AF6F-46FEF69236F4}.Debug|Any CPU.Build.0 = Debug|Any CPU
		{9E0FAD38-D0BD-427A-AF6F-46FEF69236F4}.Release|Any CPU.ActiveCfg = Release|Any CPU
		{9E0FAD38-D0BD-427A-AF6F-46FEF69236F4}.Release|Any CPU.Build.0 = Release|Any CPU
		{7A3C2334-E7B7-44FC-9FE7-13BEEAAAF699}.Debug|Any CPU.ActiveCfg = Debug|Any CPU
		{7A3C2334-E7B7-44FC-9FE7-13BEEAAAF699}.Debug|Any CPU.Build.0 = Debug|Any CPU
		{7A3C2334-E7B7-44FC-9FE7-13BEEAAAF699}.Release|Any CPU.ActiveCfg = Release|Any CPU
		{7A3C2334-E7B7-44FC-9FE7-13BEEAAAF699}.Release|Any CPU.Build.0 = Release|Any CPU
		{1544E576-BD97-4576-8239-857F290F3388}.Debug|Any CPU.ActiveCfg = Debug|Any CPU
		{1544E576-BD97-4576-8239-857F290F3388}.Debug|Any CPU.Build.0 = Debug|Any CPU
		{1544E576-BD97-4576-8239-857F290F3388}.Release|Any CPU.ActiveCfg = Release|Any CPU
		{1544E576-BD97-4576-8239-857F290F3388}.Release|Any CPU.Build.0 = Release|Any CPU
	EndGlobalSection
	GlobalSection(SolutionProperties) = preSolution
		HideSolutionNode = FALSE
	EndGlobalSection
	GlobalSection(NestedProjects) = preSolution
		{C22419BD-CDA0-49F7-A1A9-19CC45DFAEB3} = {F6075731-6037-4B36-B720-4A4E2CF5D42F}
		{3AD57308-CFCF-4FE5-8DC0-F58C0F5D81FF} = {F6075731-6037-4B36-B720-4A4E2CF5D42F}
		{12DB5097-C464-4757-8E96-7955F674DE58} = {B9946157-A449-4176-805B-F47D209D29AA}
		{FBDD3AC8-33D4-4343-BCF5-A418FCCB38CA} = {B9946157-A449-4176-805B-F47D209D29AA}
		{1A0A651C-CE15-40D1-97DC-8D425B5FAC8C} = {F6075731-6037-4B36-B720-4A4E2CF5D42F}
		{0A699170-7A97-47B4-8E29-6D510A3DD879} = {5D19ABB7-7DB6-4EB6-87B2-893A3571ED0E}
		{24F1ED1F-3CFB-40CC-86E7-CCAC31BC8B50} = {5D19ABB7-7DB6-4EB6-87B2-893A3571ED0E}
		{EC670115-8DCE-4949-BDC6-8F3C07D3B223} = {5D19ABB7-7DB6-4EB6-87B2-893A3571ED0E}
		{C8F262AD-3E58-4E84-B5CF-2F102CFDAE13} = {5D19ABB7-7DB6-4EB6-87B2-893A3571ED0E}
		{C1E71555-2845-4EB5-9ADB-F181D20A18FC} = {F6075731-6037-4B36-B720-4A4E2CF5D42F}
		{99CD05D1-0A5B-423C-8ACE-DF4FBE961114} = {F6075731-6037-4B36-B720-4A4E2CF5D42F}
		{9E0FAD38-D0BD-427A-AF6F-46FEF69236F4} = {F6075731-6037-4B36-B720-4A4E2CF5D42F}
		{7A3C2334-E7B7-44FC-9FE7-13BEEAAAF699} = {F6075731-6037-4B36-B720-4A4E2CF5D42F}
		{1544E576-BD97-4576-8239-857F290F3388} = {B9946157-A449-4176-805B-F47D209D29AA}
	EndGlobalSection
	GlobalSection(ExtensibilityGlobals) = postSolution
		SolutionGuid = {779E8080-1E0E-4536-9183-89B02491C584}
	EndGlobalSection
EndGlobal
