
Microsoft Visual Studio Solution File, Format Version 12.00
# Visual Studio Version 17
VisualStudioVersion = 17.0.31825.309
MinimumVisualStudioVersion = 10.0.40219.1
Project("{9A19103F-16F7-4668-BE54-9A1E7A4F7556}") = "Abstractions", "Services\Abstractions\Abstractions.csproj", "{C4486C73-1F1F-4191-B116-D07DD6073144}"
EndProject
Project("{9A19103F-16F7-4668-BE54-9A1E7A4F7556}") = "Core", "Services\Core\Core.csproj", "{4E292E02-C765-47F6-896E-B2209DC1907D}"
EndProject
Project("{2150E333-8FDC-42A3-9474-1A3956D46DE8}") = "tests", "tests", "{F6075731-6037-4B36-B720-4A4E2CF5D42F}"
EndProject
Project("{9A19103F-16F7-4668-BE54-9A1E7A4F7556}") = "Core.Tests", "..\test\Core.Tests\Core.Tests.csproj", "{C22419BD-CDA0-49F7-A1A9-19CC45DFAEB3}"
EndProject
Project("{9A19103F-16F7-4668-BE54-9A1E7A4F7556}") = "BingMaps", "Services\BingMaps\BingMaps.csproj", "{4D94A1AC-56B0-43EB-AC1D-5144BD9459AE}"
EndProject
Project("{9A19103F-16F7-4668-BE54-9A1E7A4F7556}") = "BingMaps.Tests", "..\test\BingMaps.Tests\BingMaps.Tests.csproj", "{3AD57308-CFCF-4FE5-8DC0-F58C0F5D81FF}"
EndProject
Project("{2150E333-8FDC-42A3-9474-1A3956D46DE8}") = "samples", "samples", "{B9946157-A449-4176-805B-F47D209D29AA}"
EndProject
Project("{9A19103F-16F7-4668-BE54-9A1E7A4F7556}") = "AzureAI", "Services\AzureAI\AzureAI.csproj", "{BE771D20-B1F1-4E37-9C7C-6F375FEAC1C1}"
EndProject
Project("{9A19103F-16F7-4668-BE54-9A1E7A4F7556}") = "TestMediaLibrary", "..\test_media\TestMediaLibrary\TestMediaLibrary.csproj", "{1A0A651C-CE15-40D1-97DC-8D425B5FAC8C}"
EndProject
Project("{9A19103F-16F7-4668-BE54-9A1E7A4F7556}") = "Api.Host", "Services\Api.Host\Api.Host.csproj", "{1569C456-67B0-4C64-83A8-5A946F70BF18}"
EndProject
Project("{9A19103F-16F7-4668-BE54-9A1E7A4F7556}") = "Store.MongoDb", "Services\Store.MongoDb\Store.MongoDb.csproj", "{36ACF258-C00B-4A12-9A05-A16F0C3CFF77}"
EndProject
Project("{9A19103F-16F7-4668-BE54-9A1E7A4F7556}") = "GraphQL", "Services\GraphQL\GraphQL.csproj", "{3FFF58D6-68B2-4790-9679-88DF5A0D890E}"
EndProject
Project("{2150E333-8FDC-42A3-9474-1A3956D46DE8}") = "Identity", "Identity", "{5D19ABB7-7DB6-4EB6-87B2-893A3571ED0E}"
EndProject
Project("{9A19103F-16F7-4668-BE54-9A1E7A4F7556}") = "Identity.Core", "Identity\Identity.Core\Identity.Core.csproj", "{0A699170-7A97-47B4-8E29-6D510A3DD879}"
EndProject
Project("{9A19103F-16F7-4668-BE54-9A1E7A4F7556}") = "Identity.Host", "Identity\Identity.Host\Identity.Host.csproj", "{24F1ED1F-3CFB-40CC-86E7-CCAC31BC8B50}"
EndProject
Project("{9A19103F-16F7-4668-BE54-9A1E7A4F7556}") = "Identity.Abstractions", "Identity\Identity.Abstractions\Identity.Abstractions.csproj", "{EC670115-8DCE-4949-BDC6-8F3C07D3B223}"
EndProject
Project("{9A19103F-16F7-4668-BE54-9A1E7A4F7556}") = "Identity.Data.Mongo", "Identity\Identity.Data.Mongo\Identity.Data.Mongo.csproj", "{C8F262AD-3E58-4E84-B5CF-2F102CFDAE13}"
EndProject
Project("{9A19103F-16F7-4668-BE54-9A1E7A4F7556}") = "Api.Host.Tests", "..\test\Api.Host.Tests\Api.Host.Tests.csproj", "{7A3C2334-E7B7-44FC-9FE7-13BEEAAAF699}"
EndProject
Project("{9A19103F-16F7-4668-BE54-9A1E7A4F7556}") = "SampleDataSeeder", "..\samples\SampleDataSeeder\SampleDataSeeder.csproj", "{1544E576-BD97-4576-8239-857F290F3388}"
EndProject
Project("{2150E333-8FDC-42A3-9474-1A3956D46DE8}") = ".props", ".props", "{FFA07502-4FDB-40ED-A320-E922DFDB27E6}"
	ProjectSection(SolutionItems) = preProject
		Directory.Build.props = Directory.Build.props
		..\global.json = ..\global.json
		Versions.props = Versions.props
		..\Directory.Packages.props = ..\Directory.Packages.props
	EndProjectSection
EndProject
Project("{2150E333-8FDC-42A3-9474-1A3956D46DE8}") = ".props", ".props", "{43BC2FC5-234F-4B58-BF47-B8C5149956CB}"
	ProjectSection(SolutionItems) = preProject
		..\test\Directory.Build.props = ..\test\Directory.Build.props
	EndProjectSection
EndProject
Project("{9A19103F-16F7-4668-BE54-9A1E7A4F7556}") = "Worker", "Services\Worker\Worker.csproj", "{8C760CE4-52DF-4444-B2B8-68ACD09C81A3}"
EndProject
Project("{2150E333-8FDC-42A3-9474-1A3956D46DE8}") = "Shared", "Shared", "{1200063E-406D-45B8-9259-C19547938D17}"
EndProject
Project("{9A19103F-16F7-4668-BE54-9A1E7A4F7556}") = "Shared.AspNetCore", "Shared\AspNetCore\Shared.AspNetCore.csproj", "{E1D28004-4E4D-42DE-9784-E4D80FF9347D}"
EndProject
Project("{9A19103F-16F7-4668-BE54-9A1E7A4F7556}") = "Authorization", "Services\Authorization\Authorization.csproj", "{EB582658-D13C-43AA-81BF-BBD00B69F825}"
EndProject
Project("{9A19103F-16F7-4668-BE54-9A1E7A4F7556}") = "Telemetry", "Shared\Telemetry\Telemetry.csproj", "{ED20DF0C-C4F3-410A-A62E-AAFC87EFFBB0}"
EndProject
Project("{9A19103F-16F7-4668-BE54-9A1E7A4F7556}") = "Google.Maps", "Services\Google.Maps\Google.Maps.csproj", "{7B342CDD-FB05-4E3D-AF80-5CDF25228D11}"
EndProject
Project("{FAE04EC0-301F-11D3-BF4B-00C04F79EFBC}") = "Bff.Host", "Services\Bff.Host\Bff.Host.csproj", "{C9D61545-5E6F-4A7C-B3C0-DD6C2CA32764}"
EndProject
Project("{FAE04EC0-301F-11D3-BF4B-00C04F79EFBC}") = "SamsungTV", "Services\SamsungTV\SamsungTV.csproj", "{E43E8EAD-FB2C-4AA0-AD38-AE0093447493}"
EndProject
Project("{FAE04EC0-301F-11D3-BF4B-00C04F79EFBC}") = "SamsungTV.Tests", "..\test\SamsungTV.Tests\SamsungTV.Tests.csproj", "{5044A06E-455D-4DD4-87D7-96854FD1C08C}"
EndProject
Global
	GlobalSection(SolutionConfigurationPlatforms) = preSolution
		Debug|Any CPU = Debug|Any CPU
		Release|Any CPU = Release|Any CPU
	EndGlobalSection
	GlobalSection(ProjectConfigurationPlatforms) = postSolution
		{C4486C73-1F1F-4191-B116-D07DD6073144}.Debug|Any CPU.ActiveCfg = Debug|Any CPU
		{C4486C73-1F1F-4191-B116-D07DD6073144}.Debug|Any CPU.Build.0 = Debug|Any CPU
		{C4486C73-1F1F-4191-B116-D07DD6073144}.Release|Any CPU.ActiveCfg = Release|Any CPU
		{C4486C73-1F1F-4191-B116-D07DD6073144}.Release|Any CPU.Build.0 = Release|Any CPU
		{4E292E02-C765-47F6-896E-B2209DC1907D}.Debug|Any CPU.ActiveCfg = Debug|Any CPU
		{4E292E02-C765-47F6-896E-B2209DC1907D}.Debug|Any CPU.Build.0 = Debug|Any CPU
		{4E292E02-C765-47F6-896E-B2209DC1907D}.Release|Any CPU.ActiveCfg = Release|Any CPU
		{4E292E02-C765-47F6-896E-B2209DC1907D}.Release|Any CPU.Build.0 = Release|Any CPU
		{C22419BD-CDA0-49F7-A1A9-19CC45DFAEB3}.Debug|Any CPU.ActiveCfg = Debug|Any CPU
		{C22419BD-CDA0-49F7-A1A9-19CC45DFAEB3}.Debug|Any CPU.Build.0 = Debug|Any CPU
		{C22419BD-CDA0-49F7-A1A9-19CC45DFAEB3}.Release|Any CPU.ActiveCfg = Release|Any CPU
		{C22419BD-CDA0-49F7-A1A9-19CC45DFAEB3}.Release|Any CPU.Build.0 = Release|Any CPU
		{4D94A1AC-56B0-43EB-AC1D-5144BD9459AE}.Debug|Any CPU.ActiveCfg = Debug|Any CPU
		{4D94A1AC-56B0-43EB-AC1D-5144BD9459AE}.Debug|Any CPU.Build.0 = Debug|Any CPU
		{4D94A1AC-56B0-43EB-AC1D-5144BD9459AE}.Release|Any CPU.ActiveCfg = Release|Any CPU
		{4D94A1AC-56B0-43EB-AC1D-5144BD9459AE}.Release|Any CPU.Build.0 = Release|Any CPU
		{3AD57308-CFCF-4FE5-8DC0-F58C0F5D81FF}.Debug|Any CPU.ActiveCfg = Debug|Any CPU
		{3AD57308-CFCF-4FE5-8DC0-F58C0F5D81FF}.Debug|Any CPU.Build.0 = Debug|Any CPU
		{3AD57308-CFCF-4FE5-8DC0-F58C0F5D81FF}.Release|Any CPU.ActiveCfg = Release|Any CPU
		{3AD57308-CFCF-4FE5-8DC0-F58C0F5D81FF}.Release|Any CPU.Build.0 = Release|Any CPU
		{BE771D20-B1F1-4E37-9C7C-6F375FEAC1C1}.Debug|Any CPU.ActiveCfg = Debug|Any CPU
		{BE771D20-B1F1-4E37-9C7C-6F375FEAC1C1}.Debug|Any CPU.Build.0 = Debug|Any CPU
		{BE771D20-B1F1-4E37-9C7C-6F375FEAC1C1}.Release|Any CPU.ActiveCfg = Release|Any CPU
		{BE771D20-B1F1-4E37-9C7C-6F375FEAC1C1}.Release|Any CPU.Build.0 = Release|Any CPU
		{1A0A651C-CE15-40D1-97DC-8D425B5FAC8C}.Debug|Any CPU.ActiveCfg = Debug|Any CPU
		{1A0A651C-CE15-40D1-97DC-8D425B5FAC8C}.Debug|Any CPU.Build.0 = Debug|Any CPU
		{1A0A651C-CE15-40D1-97DC-8D425B5FAC8C}.Release|Any CPU.ActiveCfg = Release|Any CPU
		{1A0A651C-CE15-40D1-97DC-8D425B5FAC8C}.Release|Any CPU.Build.0 = Release|Any CPU
		{1569C456-67B0-4C64-83A8-5A946F70BF18}.Debug|Any CPU.ActiveCfg = Debug|Any CPU
		{1569C456-67B0-4C64-83A8-5A946F70BF18}.Debug|Any CPU.Build.0 = Debug|Any CPU
		{1569C456-67B0-4C64-83A8-5A946F70BF18}.Release|Any CPU.ActiveCfg = Release|Any CPU
		{1569C456-67B0-4C64-83A8-5A946F70BF18}.Release|Any CPU.Build.0 = Release|Any CPU
		{36ACF258-C00B-4A12-9A05-A16F0C3CFF77}.Debug|Any CPU.ActiveCfg = Debug|Any CPU
		{36ACF258-C00B-4A12-9A05-A16F0C3CFF77}.Debug|Any CPU.Build.0 = Debug|Any CPU
		{36ACF258-C00B-4A12-9A05-A16F0C3CFF77}.Release|Any CPU.ActiveCfg = Release|Any CPU
		{36ACF258-C00B-4A12-9A05-A16F0C3CFF77}.Release|Any CPU.Build.0 = Release|Any CPU
		{3FFF58D6-68B2-4790-9679-88DF5A0D890E}.Debug|Any CPU.ActiveCfg = Debug|Any CPU
		{3FFF58D6-68B2-4790-9679-88DF5A0D890E}.Debug|Any CPU.Build.0 = Debug|Any CPU
		{3FFF58D6-68B2-4790-9679-88DF5A0D890E}.Release|Any CPU.ActiveCfg = Release|Any CPU
		{3FFF58D6-68B2-4790-9679-88DF5A0D890E}.Release|Any CPU.Build.0 = Release|Any CPU
		{0A699170-7A97-47B4-8E29-6D510A3DD879}.Debug|Any CPU.ActiveCfg = Debug|Any CPU
		{0A699170-7A97-47B4-8E29-6D510A3DD879}.Debug|Any CPU.Build.0 = Debug|Any CPU
		{0A699170-7A97-47B4-8E29-6D510A3DD879}.Release|Any CPU.ActiveCfg = Release|Any CPU
		{0A699170-7A97-47B4-8E29-6D510A3DD879}.Release|Any CPU.Build.0 = Release|Any CPU
		{24F1ED1F-3CFB-40CC-86E7-CCAC31BC8B50}.Debug|Any CPU.ActiveCfg = Debug|Any CPU
		{24F1ED1F-3CFB-40CC-86E7-CCAC31BC8B50}.Debug|Any CPU.Build.0 = Debug|Any CPU
		{24F1ED1F-3CFB-40CC-86E7-CCAC31BC8B50}.Release|Any CPU.ActiveCfg = Release|Any CPU
		{24F1ED1F-3CFB-40CC-86E7-CCAC31BC8B50}.Release|Any CPU.Build.0 = Release|Any CPU
		{EC670115-8DCE-4949-BDC6-8F3C07D3B223}.Debug|Any CPU.ActiveCfg = Debug|Any CPU
		{EC670115-8DCE-4949-BDC6-8F3C07D3B223}.Debug|Any CPU.Build.0 = Debug|Any CPU
		{EC670115-8DCE-4949-BDC6-8F3C07D3B223}.Release|Any CPU.ActiveCfg = Release|Any CPU
		{EC670115-8DCE-4949-BDC6-8F3C07D3B223}.Release|Any CPU.Build.0 = Release|Any CPU
		{C8F262AD-3E58-4E84-B5CF-2F102CFDAE13}.Debug|Any CPU.ActiveCfg = Debug|Any CPU
		{C8F262AD-3E58-4E84-B5CF-2F102CFDAE13}.Debug|Any CPU.Build.0 = Debug|Any CPU
		{C8F262AD-3E58-4E84-B5CF-2F102CFDAE13}.Release|Any CPU.ActiveCfg = Release|Any CPU
		{C8F262AD-3E58-4E84-B5CF-2F102CFDAE13}.Release|Any CPU.Build.0 = Release|Any CPU
		{7A3C2334-E7B7-44FC-9FE7-13BEEAAAF699}.Debug|Any CPU.ActiveCfg = Debug|Any CPU
		{7A3C2334-E7B7-44FC-9FE7-13BEEAAAF699}.Debug|Any CPU.Build.0 = Debug|Any CPU
		{7A3C2334-E7B7-44FC-9FE7-13BEEAAAF699}.Release|Any CPU.ActiveCfg = Release|Any CPU
		{7A3C2334-E7B7-44FC-9FE7-13BEEAAAF699}.Release|Any CPU.Build.0 = Release|Any CPU
		{1544E576-BD97-4576-8239-857F290F3388}.Debug|Any CPU.ActiveCfg = Debug|Any CPU
		{1544E576-BD97-4576-8239-857F290F3388}.Debug|Any CPU.Build.0 = Debug|Any CPU
		{1544E576-BD97-4576-8239-857F290F3388}.Release|Any CPU.ActiveCfg = Release|Any CPU
		{1544E576-BD97-4576-8239-857F290F3388}.Release|Any CPU.Build.0 = Release|Any CPU
		{8C760CE4-52DF-4444-B2B8-68ACD09C81A3}.Debug|Any CPU.ActiveCfg = Debug|Any CPU
		{8C760CE4-52DF-4444-B2B8-68ACD09C81A3}.Debug|Any CPU.Build.0 = Debug|Any CPU
		{8C760CE4-52DF-4444-B2B8-68ACD09C81A3}.Release|Any CPU.ActiveCfg = Release|Any CPU
		{8C760CE4-52DF-4444-B2B8-68ACD09C81A3}.Release|Any CPU.Build.0 = Release|Any CPU
		{E1D28004-4E4D-42DE-9784-E4D80FF9347D}.Debug|Any CPU.ActiveCfg = Debug|Any CPU
		{E1D28004-4E4D-42DE-9784-E4D80FF9347D}.Debug|Any CPU.Build.0 = Debug|Any CPU
		{E1D28004-4E4D-42DE-9784-E4D80FF9347D}.Release|Any CPU.ActiveCfg = Release|Any CPU
		{E1D28004-4E4D-42DE-9784-E4D80FF9347D}.Release|Any CPU.Build.0 = Release|Any CPU
		{EB582658-D13C-43AA-81BF-BBD00B69F825}.Debug|Any CPU.ActiveCfg = Debug|Any CPU
		{EB582658-D13C-43AA-81BF-BBD00B69F825}.Debug|Any CPU.Build.0 = Debug|Any CPU
		{EB582658-D13C-43AA-81BF-BBD00B69F825}.Release|Any CPU.ActiveCfg = Release|Any CPU
		{EB582658-D13C-43AA-81BF-BBD00B69F825}.Release|Any CPU.Build.0 = Release|Any CPU
		{ED20DF0C-C4F3-410A-A62E-AAFC87EFFBB0}.Debug|Any CPU.ActiveCfg = Debug|Any CPU
		{ED20DF0C-C4F3-410A-A62E-AAFC87EFFBB0}.Debug|Any CPU.Build.0 = Debug|Any CPU
		{ED20DF0C-C4F3-410A-A62E-AAFC87EFFBB0}.Release|Any CPU.ActiveCfg = Release|Any CPU
		{ED20DF0C-C4F3-410A-A62E-AAFC87EFFBB0}.Release|Any CPU.Build.0 = Release|Any CPU
		{7B342CDD-FB05-4E3D-AF80-5CDF25228D11}.Debug|Any CPU.ActiveCfg = Debug|Any CPU
		{7B342CDD-FB05-4E3D-AF80-5CDF25228D11}.Debug|Any CPU.Build.0 = Debug|Any CPU
		{7B342CDD-FB05-4E3D-AF80-5CDF25228D11}.Release|Any CPU.ActiveCfg = Release|Any CPU
		{7B342CDD-FB05-4E3D-AF80-5CDF25228D11}.Release|Any CPU.Build.0 = Release|Any CPU
		{C9D61545-5E6F-4A7C-B3C0-DD6C2CA32764}.Debug|Any CPU.ActiveCfg = Debug|Any CPU
		{C9D61545-5E6F-4A7C-B3C0-DD6C2CA32764}.Debug|Any CPU.Build.0 = Debug|Any CPU
		{C9D61545-5E6F-4A7C-B3C0-DD6C2CA32764}.Release|Any CPU.ActiveCfg = Release|Any CPU
		{C9D61545-5E6F-4A7C-B3C0-DD6C2CA32764}.Release|Any CPU.Build.0 = Release|Any CPU
		{E43E8EAD-FB2C-4AA0-AD38-AE0093447493}.Debug|Any CPU.ActiveCfg = Debug|Any CPU
		{E43E8EAD-FB2C-4AA0-AD38-AE0093447493}.Debug|Any CPU.Build.0 = Debug|Any CPU
		{E43E8EAD-FB2C-4AA0-AD38-AE0093447493}.Release|Any CPU.ActiveCfg = Release|Any CPU
		{E43E8EAD-FB2C-4AA0-AD38-AE0093447493}.Release|Any CPU.Build.0 = Release|Any CPU
		{5044A06E-455D-4DD4-87D7-96854FD1C08C}.Debug|Any CPU.ActiveCfg = Debug|Any CPU
		{5044A06E-455D-4DD4-87D7-96854FD1C08C}.Debug|Any CPU.Build.0 = Debug|Any CPU
		{5044A06E-455D-4DD4-87D7-96854FD1C08C}.Release|Any CPU.ActiveCfg = Release|Any CPU
		{5044A06E-455D-4DD4-87D7-96854FD1C08C}.Release|Any CPU.Build.0 = Release|Any CPU
	EndGlobalSection
	GlobalSection(SolutionProperties) = preSolution
		HideSolutionNode = FALSE
	EndGlobalSection
	GlobalSection(NestedProjects) = preSolution
		{C22419BD-CDA0-49F7-A1A9-19CC45DFAEB3} = {F6075731-6037-4B36-B720-4A4E2CF5D42F}
		{3AD57308-CFCF-4FE5-8DC0-F58C0F5D81FF} = {F6075731-6037-4B36-B720-4A4E2CF5D42F}
		{1A0A651C-CE15-40D1-97DC-8D425B5FAC8C} = {F6075731-6037-4B36-B720-4A4E2CF5D42F}
		{0A699170-7A97-47B4-8E29-6D510A3DD879} = {5D19ABB7-7DB6-4EB6-87B2-893A3571ED0E}
		{24F1ED1F-3CFB-40CC-86E7-CCAC31BC8B50} = {5D19ABB7-7DB6-4EB6-87B2-893A3571ED0E}
		{EC670115-8DCE-4949-BDC6-8F3C07D3B223} = {5D19ABB7-7DB6-4EB6-87B2-893A3571ED0E}
		{C8F262AD-3E58-4E84-B5CF-2F102CFDAE13} = {5D19ABB7-7DB6-4EB6-87B2-893A3571ED0E}
		{7A3C2334-E7B7-44FC-9FE7-13BEEAAAF699} = {F6075731-6037-4B36-B720-4A4E2CF5D42F}
		{1544E576-BD97-4576-8239-857F290F3388} = {B9946157-A449-4176-805B-F47D209D29AA}
		{43BC2FC5-234F-4B58-BF47-B8C5149956CB} = {F6075731-6037-4B36-B720-4A4E2CF5D42F}
		{E1D28004-4E4D-42DE-9784-E4D80FF9347D} = {1200063E-406D-45B8-9259-C19547938D17}
		{5044A06E-455D-4DD4-87D7-96854FD1C08C} = {F6075731-6037-4B36-B720-4A4E2CF5D42F}
	EndGlobalSection
	GlobalSection(ExtensibilityGlobals) = postSolution
		SolutionGuid = {779E8080-1E0E-4536-9183-89B02491C584}
	EndGlobalSection
EndGlobal
